
Microsoft Visual Studio Solution File, Format Version 12.00
# Visual Studio Version 17
VisualStudioVersion = 17.10.34928.147
MinimumVisualStudioVersion = 10.0.40219.1
Project("{FAE04EC0-301F-11D3-BF4B-00C04F79EFBC}") = "DiaryManager", "DiaryManager\DiaryManager.csproj", "{C2B447C0-ACF6-4EC4-9036-A83DD5224D7B}"
EndProject
Global
	GlobalSection(SolutionConfigurationPlatforms) = preSolution
		Debug|Any CPU = Debug|Any CPU
		Release|Any CPU = Release|Any CPU
	EndGlobalSection
	GlobalSection(ProjectConfigurationPlatforms) = postSolution
		{C2B447C0-ACF6-4EC4-9036-A83DD5224D7B}.Debug|Any CPU.ActiveCfg = Debug|Any CPU
		{C2B447C0-ACF6-4EC4-9036-A83DD5224D7B}.Debug|Any CPU.Build.0 = Debug|Any CPU
		{C2B447C0-ACF6-4EC4-9036-A83DD5224D7B}.Release|Any CPU.ActiveCfg = Release|Any CPU
		{C2B447C0-ACF6-4EC4-9036-A83DD5224D7B}.Release|Any CPU.Build.0 = Release|Any CPU
	EndGlobalSection
	GlobalSection(SolutionProperties) = preSolution
		HideSolutionNode = FALSE
	EndGlobalSection
	GlobalSection(ExtensibilityGlobals) = postSolution
		SolutionGuid = {D906EE95-B322-4BEE-AB5B-7C6434E7D69A}
	EndGlobalSection
EndGlobal
